
Microsoft Visual Studio Solution File, Format Version 12.00
# Visual Studio Version 17
VisualStudioVersion = 17.5.33627.172
MinimumVisualStudioVersion = 10.0.40219.1
Project("{9A19103F-16F7-4668-BE54-9A1E7A4F7556}") = "BrainStormerBackend", "BrainStormerBackend\BrainStormerBackend.csproj", "{5F19734D-06B7-4C36-82F8-38B23AECC568}"
EndProject
Project("{9A19103F-16F7-4668-BE54-9A1E7A4F7556}") = "BrainStormUI", "BrainStormUI\BrainStormUI.csproj", "{775C051C-7698-4AC5-A6F0-031089244266}"
EndProject
Project("{FAE04EC0-301F-11D3-BF4B-00C04F79EFBC}") = "Shared", "Shared\Shared.csproj", "{62F79F6F-9877-46E0-9077-2FCB1DBF8907}"
EndProject
Global
	GlobalSection(SolutionConfigurationPlatforms) = preSolution
		Debug|Any CPU = Debug|Any CPU
		Release|Any CPU = Release|Any CPU
	EndGlobalSection
	GlobalSection(ProjectConfigurationPlatforms) = postSolution
		{5F19734D-06B7-4C36-82F8-38B23AECC568}.Debug|Any CPU.ActiveCfg = Debug|Any CPU
		{5F19734D-06B7-4C36-82F8-38B23AECC568}.Debug|Any CPU.Build.0 = Debug|Any CPU
		{5F19734D-06B7-4C36-82F8-38B23AECC568}.Release|Any CPU.ActiveCfg = Release|Any CPU
		{5F19734D-06B7-4C36-82F8-38B23AECC568}.Release|Any CPU.Build.0 = Release|Any CPU
		{775C051C-7698-4AC5-A6F0-031089244266}.Debug|Any CPU.ActiveCfg = Debug|Any CPU
		{775C051C-7698-4AC5-A6F0-031089244266}.Debug|Any CPU.Build.0 = Debug|Any CPU
		{775C051C-7698-4AC5-A6F0-031089244266}.Release|Any CPU.ActiveCfg = Release|Any CPU
		{775C051C-7698-4AC5-A6F0-031089244266}.Release|Any CPU.Build.0 = Release|Any CPU
		{62F79F6F-9877-46E0-9077-2FCB1DBF8907}.Debug|Any CPU.ActiveCfg = Debug|Any CPU
		{62F79F6F-9877-46E0-9077-2FCB1DBF8907}.Debug|Any CPU.Build.0 = Debug|Any CPU
		{62F79F6F-9877-46E0-9077-2FCB1DBF8907}.Release|Any CPU.ActiveCfg = Release|Any CPU
		{62F79F6F-9877-46E0-9077-2FCB1DBF8907}.Release|Any CPU.Build.0 = Release|Any CPU
	EndGlobalSection
	GlobalSection(SolutionProperties) = preSolution
		HideSolutionNode = FALSE
	EndGlobalSection
	GlobalSection(ExtensibilityGlobals) = postSolution
		SolutionGuid = {4B2F778C-DD9A-4A8E-8620-79441D703EF3}
	EndGlobalSection
EndGlobal
